
Microsoft Visual Studio Solution File, Format Version 12.00
# Visual Studio Version 16
VisualStudioVersion = 16.0.29920.165
MinimumVisualStudioVersion = 10.0.40219.1
Project("{FAE04EC0-301F-11D3-BF4B-00C04F79EFBC}") = "Evolution", "Evolution.csproj", "{5B6B2F85-F19A-4FF0-AD45-18423C749124}"
EndProject
Project("{FAE04EC0-301F-11D3-BF4B-00C04F79EFBC}") = "EvolutionTest", "..\EvolutionTest\EvolutionTest.csproj", "{FD354AF3-DF58-4261-B7C6-A3187B6F34F7}"
EndProject
Project("{FAE04EC0-301F-11D3-BF4B-00C04F79EFBC}") = "Evolution.Phone", "..\Evolution.Phone\Evolution.Phone.csproj", "{DD30D7C7-4312-48F7-9E61-2DE41EE3A2FD}"
EndProject
Global
	GlobalSection(SolutionConfigurationPlatforms) = preSolution
		Debug|Any CPU = Debug|Any CPU
		Release|Any CPU = Release|Any CPU
	EndGlobalSection
	GlobalSection(ProjectConfigurationPlatforms) = postSolution
		{5B6B2F85-F19A-4FF0-AD45-18423C749124}.Debug|Any CPU.ActiveCfg = Debug|Any CPU
		{5B6B2F85-F19A-4FF0-AD45-18423C749124}.Debug|Any CPU.Build.0 = Debug|Any CPU
		{5B6B2F85-F19A-4FF0-AD45-18423C749124}.Release|Any CPU.ActiveCfg = Release|Any CPU
		{5B6B2F85-F19A-4FF0-AD45-18423C749124}.Release|Any CPU.Build.0 = Release|Any CPU
		{FD354AF3-DF58-4261-B7C6-A3187B6F34F7}.Debug|Any CPU.ActiveCfg = Debug|Any CPU
		{FD354AF3-DF58-4261-B7C6-A3187B6F34F7}.Debug|Any CPU.Build.0 = Debug|Any CPU
		{FD354AF3-DF58-4261-B7C6-A3187B6F34F7}.Release|Any CPU.ActiveCfg = Release|Any CPU
		{FD354AF3-DF58-4261-B7C6-A3187B6F34F7}.Release|Any CPU.Build.0 = Release|Any CPU
		{DD30D7C7-4312-48F7-9E61-2DE41EE3A2FD}.Debug|Any CPU.ActiveCfg = Debug|Any CPU
		{DD30D7C7-4312-48F7-9E61-2DE41EE3A2FD}.Debug|Any CPU.Build.0 = Debug|Any CPU
		{DD30D7C7-4312-48F7-9E61-2DE41EE3A2FD}.Debug|Any CPU.Deploy.0 = Debug|Any CPU
		{DD30D7C7-4312-48F7-9E61-2DE41EE3A2FD}.Release|Any CPU.ActiveCfg = Release|Any CPU
		{DD30D7C7-4312-48F7-9E61-2DE41EE3A2FD}.Release|Any CPU.Build.0 = Release|Any CPU
		{DD30D7C7-4312-48F7-9E61-2DE41EE3A2FD}.Release|Any CPU.Deploy.0 = Release|Any CPU
	EndGlobalSection
	GlobalSection(SolutionProperties) = preSolution
		HideSolutionNode = FALSE
	EndGlobalSection
	GlobalSection(ExtensibilityGlobals) = postSolution
		SolutionGuid = {7196F7C4-5D72-4367-A4F8-AF7B9DCB0788}
	EndGlobalSection
EndGlobal
